// !$*UTF8*$!
{
	archiveVersion = 1;
	classes = {
	};
	objectVersion = 46;
	objects = {

/* Begin PBXBuildFile section */
		FFB30170196EE496001FE814 /* Foundation.framework in Frameworks */ = {isa = PBXBuildFile; fileRef = FFB3016F196EE496001FE814 /* Foundation.framework */; };
		FFB30172196EE496001FE814 /* CoreGraphics.framework in Frameworks */ = {isa = PBXBuildFile; fileRef = FFB30171196EE496001FE814 /* CoreGraphics.framework */; };
		FFB30174196EE496001FE814 /* UIKit.framework in Frameworks */ = {isa = PBXBuildFile; fileRef = FFB30173196EE496001FE814 /* UIKit.framework */; };
		FFB3017A196EE496001FE814 /* InfoPlist.strings in Resources */ = {isa = PBXBuildFile; fileRef = FFB30178196EE496001FE814 /* InfoPlist.strings */; };
		FFB3017C196EE496001FE814 /* main.m in Sources */ = {isa = PBXBuildFile; fileRef = FFB3017B196EE496001FE814 /* main.m */; };
		FFB30180196EE496001FE814 /* AppDelegate.m in Sources */ = {isa = PBXBuildFile; fileRef = FFB3017F196EE496001FE814 /* AppDelegate.m */; };
		FFB30183196EE496001FE814 /* Main.storyboard in Resources */ = {isa = PBXBuildFile; fileRef = FFB30181196EE496001FE814 /* Main.storyboard */; };
		FFB30186196EE496001FE814 /* ViewController.m in Sources */ = {isa = PBXBuildFile; fileRef = FFB30185196EE496001FE814 /* ViewController.m */; };
		FFB30188196EE496001FE814 /* Images.xcassets in Resources */ = {isa = PBXBuildFile; fileRef = FFB30187196EE496001FE814 /* Images.xcassets */; };
		FFB3018F196EE496001FE814 /* XCTest.framework in Frameworks */ = {isa = PBXBuildFile; fileRef = FFB3018E196EE496001FE814 /* XCTest.framework */; };
		FFB30190196EE496001FE814 /* Foundation.framework in Frameworks */ = {isa = PBXBuildFile; fileRef = FFB3016F196EE496001FE814 /* Foundation.framework */; };
		FFB30191196EE496001FE814 /* UIKit.framework in Frameworks */ = {isa = PBXBuildFile; fileRef = FFB30173196EE496001FE814 /* UIKit.framework */; };
		FFB30199196EE496001FE814 /* InfoPlist.strings in Resources */ = {isa = PBXBuildFile; fileRef = FFB30197196EE496001FE814 /* InfoPlist.strings */; };
		FFB3019B196EE496001FE814 /* CycleProgressViewTests.m in Sources */ = {isa = PBXBuildFile; fileRef = FFB3019A196EE496001FE814 /* CycleProgressViewTests.m */; };
		FFB301A7196EE4D8001FE814 /* MSCycleProgressView.m in Sources */ = {isa = PBXBuildFile; fileRef = FFB301A6196EE4D8001FE814 /* MSCycleProgressView.m */; };
		FFB301A9196EE60E001FE814 /* QuartzCore.framework in Frameworks */ = {isa = PBXBuildFile; fileRef = FFB301A8196EE60E001FE814 /* QuartzCore.framework */; };
/* End PBXBuildFile section */

/* Begin PBXContainerItemProxy section */
		FFB30192196EE496001FE814 /* PBXContainerItemProxy */ = {
			isa = PBXContainerItemProxy;
			containerPortal = FFB30164196EE496001FE814 /* Project object */;
			proxyType = 1;
			remoteGlobalIDString = FFB3016B196EE496001FE814;
			remoteInfo = CycleProgressView;
		};
/* End PBXContainerItemProxy section */

/* Begin PBXFileReference section */
		FFB3016C196EE496001FE814 /* CycleProgressView.app */ = {isa = PBXFileReference; explicitFileType = wrapper.application; includeInIndex = 0; path = CycleProgressView.app; sourceTree = BUILT_PRODUCTS_DIR; };
		FFB3016F196EE496001FE814 /* Foundation.framework */ = {isa = PBXFileReference; lastKnownFileType = wrapper.framework; name = Foundation.framework; path = System/Library/Frameworks/Foundation.framework; sourceTree = SDKROOT; };
		FFB30171196EE496001FE814 /* CoreGraphics.framework */ = {isa = PBXFileReference; lastKnownFileType = wrapper.framework; name = CoreGraphics.framework; path = System/Library/Frameworks/CoreGraphics.framework; sourceTree = SDKROOT; };
		FFB30173196EE496001FE814 /* UIKit.framework */ = {isa = PBXFileReference; lastKnownFileType = wrapper.framework; name = UIKit.framework; path = System/Library/Frameworks/UIKit.framework; sourceTree = SDKROOT; };
		FFB30177196EE496001FE814 /* CycleProgressView-Info.plist */ = {isa = PBXFileReference; lastKnownFileType = text.plist.xml; path = "CycleProgressView-Info.plist"; sourceTree = "<group>"; };
		FFB30179196EE496001FE814 /* en */ = {isa = PBXFileReference; lastKnownFileType = text.plist.strings; name = en; path = en.lproj/InfoPlist.strings; sourceTree = "<group>"; };
		FFB3017B196EE496001FE814 /* main.m */ = {isa = PBXFileReference; lastKnownFileType = sourcecode.c.objc; path = main.m; sourceTree = "<group>"; };
		FFB3017D196EE496001FE814 /* CycleProgressView-Prefix.pch */ = {isa = PBXFileReference; lastKnownFileType = sourcecode.c.h; path = "CycleProgressView-Prefix.pch"; sourceTree = "<group>"; };
		FFB3017E196EE496001FE814 /* AppDelegate.h */ = {isa = PBXFileReference; lastKnownFileType = sourcecode.c.h; path = AppDelegate.h; sourceTree = "<group>"; };
		FFB3017F196EE496001FE814 /* AppDelegate.m */ = {isa = PBXFileReference; lastKnownFileType = sourcecode.c.objc; path = AppDelegate.m; sourceTree = "<group>"; };
		FFB30182196EE496001FE814 /* Base */ = {isa = PBXFileReference; lastKnownFileType = file.storyboard; name = Base; path = Base.lproj/Main.storyboard; sourceTree = "<group>"; };
		FFB30184196EE496001FE814 /* ViewController.h */ = {isa = PBXFileReference; lastKnownFileType = sourcecode.c.h; path = ViewController.h; sourceTree = "<group>"; };
		FFB30185196EE496001FE814 /* ViewController.m */ = {isa = PBXFileReference; lastKnownFileType = sourcecode.c.objc; path = ViewController.m; sourceTree = "<group>"; };
		FFB30187196EE496001FE814 /* Images.xcassets */ = {isa = PBXFileReference; lastKnownFileType = folder.assetcatalog; path = Images.xcassets; sourceTree = "<group>"; };
		FFB3018D196EE496001FE814 /* CycleProgressViewTests.xctest */ = {isa = PBXFileReference; explicitFileType = wrapper.cfbundle; includeInIndex = 0; path = CycleProgressViewTests.xctest; sourceTree = BUILT_PRODUCTS_DIR; };
		FFB3018E196EE496001FE814 /* XCTest.framework */ = {isa = PBXFileReference; lastKnownFileType = wrapper.framework; name = XCTest.framework; path = Library/Frameworks/XCTest.framework; sourceTree = DEVELOPER_DIR; };
		FFB30196196EE496001FE814 /* CycleProgressViewTests-Info.plist */ = {isa = PBXFileReference; lastKnownFileType = text.plist.xml; path = "CycleProgressViewTests-Info.plist"; sourceTree = "<group>"; };
		FFB30198196EE496001FE814 /* en */ = {isa = PBXFileReference; lastKnownFileType = text.plist.strings; name = en; path = en.lproj/InfoPlist.strings; sourceTree = "<group>"; };
		FFB3019A196EE496001FE814 /* CycleProgressViewTests.m */ = {isa = PBXFileReference; lastKnownFileType = sourcecode.c.objc; path = CycleProgressViewTests.m; sourceTree = "<group>"; };
		FFB301A5196EE4D8001FE814 /* MSCycleProgressView.h */ = {isa = PBXFileReference; fileEncoding = 4; lastKnownFileType = sourcecode.c.h; name = MSCycleProgressView.h; path = MSCycleProgressView/MSCycleProgressView.h; sourceTree = "<group>"; };
		FFB301A6196EE4D8001FE814 /* MSCycleProgressView.m */ = {isa = PBXFileReference; fileEncoding = 4; lastKnownFileType = sourcecode.c.objc; name = MSCycleProgressView.m; path = MSCycleProgressView/MSCycleProgressView.m; sourceTree = "<group>"; };
		FFB301A8196EE60E001FE814 /* QuartzCore.framework */ = {isa = PBXFileReference; lastKnownFileType = wrapper.framework; name = QuartzCore.framework; path = System/Library/Frameworks/QuartzCore.framework; sourceTree = SDKROOT; };
/* End PBXFileReference section */

/* Begin PBXFrameworksBuildPhase section */
		FFB30169196EE496001FE814 /* Frameworks */ = {
			isa = PBXFrameworksBuildPhase;
			buildActionMask = 2147483647;
			files = (
				FFB301A9196EE60E001FE814 /* QuartzCore.framework in Frameworks */,
				FFB30172196EE496001FE814 /* CoreGraphics.framework in Frameworks */,
				FFB30174196EE496001FE814 /* UIKit.framework in Frameworks */,
				FFB30170196EE496001FE814 /* Foundation.framework in Frameworks */,
			);
			runOnlyForDeploymentPostprocessing = 0;
		};
		FFB3018A196EE496001FE814 /* Frameworks */ = {
			isa = PBXFrameworksBuildPhase;
			buildActionMask = 2147483647;
			files = (
				FFB3018F196EE496001FE814 /* XCTest.framework in Frameworks */,
				FFB30191196EE496001FE814 /* UIKit.framework in Frameworks */,
				FFB30190196EE496001FE814 /* Foundation.framework in Frameworks */,
			);
			runOnlyForDeploymentPostprocessing = 0;
		};
/* End PBXFrameworksBuildPhase section */

/* Begin PBXGroup section */
		FFB30163196EE496001FE814 = {
			isa = PBXGroup;
			children = (
				FFB30175196EE496001FE814 /* CycleProgressView */,
				FFB30194196EE496001FE814 /* CycleProgressViewTests */,
				FFB3016E196EE496001FE814 /* Frameworks */,
				FFB3016D196EE496001FE814 /* Products */,
			);
			sourceTree = "<group>";
		};
		FFB3016D196EE496001FE814 /* Products */ = {
			isa = PBXGroup;
			children = (
				FFB3016C196EE496001FE814 /* CycleProgressView.app */,
				FFB3018D196EE496001FE814 /* CycleProgressViewTests.xctest */,
			);
			name = Products;
			sourceTree = "<group>";
		};
		FFB3016E196EE496001FE814 /* Frameworks */ = {
			isa = PBXGroup;
			children = (
				FFB301A8196EE60E001FE814 /* QuartzCore.framework */,
				FFB3016F196EE496001FE814 /* Foundation.framework */,
				FFB30171196EE496001FE814 /* CoreGraphics.framework */,
				FFB30173196EE496001FE814 /* UIKit.framework */,
				FFB3018E196EE496001FE814 /* XCTest.framework */,
			);
			name = Frameworks;
			sourceTree = "<group>";
		};
		FFB30175196EE496001FE814 /* CycleProgressView */ = {
			isa = PBXGroup;
			children = (
				FFB301A4196EE49F001FE814 /* MSCycleProgressView */,
				FFB3017E196EE496001FE814 /* AppDelegate.h */,
				FFB3017F196EE496001FE814 /* AppDelegate.m */,
				FFB30181196EE496001FE814 /* Main.storyboard */,
				FFB30184196EE496001FE814 /* ViewController.h */,
				FFB30185196EE496001FE814 /* ViewController.m */,
				FFB30187196EE496001FE814 /* Images.xcassets */,
				FFB30176196EE496001FE814 /* Supporting Files */,
			);
			path = CycleProgressView;
			sourceTree = "<group>";
		};
		FFB30176196EE496001FE814 /* Supporting Files */ = {
			isa = PBXGroup;
			children = (
				FFB30177196EE496001FE814 /* CycleProgressView-Info.plist */,
				FFB30178196EE496001FE814 /* InfoPlist.strings */,
				FFB3017B196EE496001FE814 /* main.m */,
				FFB3017D196EE496001FE814 /* CycleProgressView-Prefix.pch */,
			);
			name = "Supporting Files";
			sourceTree = "<group>";
		};
		FFB30194196EE496001FE814 /* CycleProgressViewTests */ = {
			isa = PBXGroup;
			children = (
				FFB3019A196EE496001FE814 /* CycleProgressViewTests.m */,
				FFB30195196EE496001FE814 /* Supporting Files */,
			);
			path = CycleProgressViewTests;
			sourceTree = "<group>";
		};
		FFB30195196EE496001FE814 /* Supporting Files */ = {
			isa = PBXGroup;
			children = (
				FFB30196196EE496001FE814 /* CycleProgressViewTests-Info.plist */,
				FFB30197196EE496001FE814 /* InfoPlist.strings */,
			);
			name = "Supporting Files";
			sourceTree = "<group>";
		};
		FFB301A4196EE49F001FE814 /* MSCycleProgressView */ = {
			isa = PBXGroup;
			children = (
				FFB301A5196EE4D8001FE814 /* MSCycleProgressView.h */,
				FFB301A6196EE4D8001FE814 /* MSCycleProgressView.m */,
			);
			name = MSCycleProgressView;
			sourceTree = "<group>";
		};
/* End PBXGroup section */

/* Begin PBXNativeTarget section */
		FFB3016B196EE496001FE814 /* CycleProgressView */ = {
			isa = PBXNativeTarget;
			buildConfigurationList = FFB3019E196EE496001FE814 /* Build configuration list for PBXNativeTarget "CycleProgressView" */;
			buildPhases = (
				FFB30168196EE496001FE814 /* Sources */,
				FFB30169196EE496001FE814 /* Frameworks */,
				FFB3016A196EE496001FE814 /* Resources */,
			);
			buildRules = (
			);
			dependencies = (
			);
			name = CycleProgressView;
			productName = CycleProgressView;
			productReference = FFB3016C196EE496001FE814 /* CycleProgressView.app */;
			productType = "com.apple.product-type.application";
		};
		FFB3018C196EE496001FE814 /* CycleProgressViewTests */ = {
			isa = PBXNativeTarget;
			buildConfigurationList = FFB301A1196EE496001FE814 /* Build configuration list for PBXNativeTarget "CycleProgressViewTests" */;
			buildPhases = (
				FFB30189196EE496001FE814 /* Sources */,
				FFB3018A196EE496001FE814 /* Frameworks */,
				FFB3018B196EE496001FE814 /* Resources */,
			);
			buildRules = (
			);
			dependencies = (
				FFB30193196EE496001FE814 /* PBXTargetDependency */,
			);
			name = CycleProgressViewTests;
			productName = CycleProgressViewTests;
			productReference = FFB3018D196EE496001FE814 /* CycleProgressViewTests.xctest */;
			productType = "com.apple.product-type.bundle.unit-test";
		};
/* End PBXNativeTarget section */

/* Begin PBXProject section */
		FFB30164196EE496001FE814 /* Project object */ = {
			isa = PBXProject;
			attributes = {
				LastUpgradeCheck = 0510;
				ORGANIZATIONNAME = "Morgan Stanley";
				TargetAttributes = {
					FFB3018C196EE496001FE814 = {
						TestTargetID = FFB3016B196EE496001FE814;
					};
				};
			};
			buildConfigurationList = FFB30167196EE496001FE814 /* Build configuration list for PBXProject "CycleProgressView" */;
			compatibilityVersion = "Xcode 3.2";
			developmentRegion = English;
			hasScannedForEncodings = 0;
			knownRegions = (
				en,
				Base,
			);
			mainGroup = FFB30163196EE496001FE814;
			productRefGroup = FFB3016D196EE496001FE814 /* Products */;
			projectDirPath = "";
			projectRoot = "";
			targets = (
				FFB3016B196EE496001FE814 /* CycleProgressView */,
				FFB3018C196EE496001FE814 /* CycleProgressViewTests */,
			);
		};
/* End PBXProject section */

/* Begin PBXResourcesBuildPhase section */
		FFB3016A196EE496001FE814 /* Resources */ = {
			isa = PBXResourcesBuildPhase;
			buildActionMask = 2147483647;
			files = (
				FFB30188196EE496001FE814 /* Images.xcassets in Resources */,
				FFB3017A196EE496001FE814 /* InfoPlist.strings in Resources */,
				FFB30183196EE496001FE814 /* Main.storyboard in Resources */,
			);
			runOnlyForDeploymentPostprocessing = 0;
		};
		FFB3018B196EE496001FE814 /* Resources */ = {
			isa = PBXResourcesBuildPhase;
			buildActionMask = 2147483647;
			files = (
				FFB30199196EE496001FE814 /* InfoPlist.strings in Resources */,
			);
			runOnlyForDeploymentPostprocessing = 0;
		};
/* End PBXResourcesBuildPhase section */

/* Begin PBXSourcesBuildPhase section */
		FFB30168196EE496001FE814 /* Sources */ = {
			isa = PBXSourcesBuildPhase;
			buildActionMask = 2147483647;
			files = (
				FFB301A7196EE4D8001FE814 /* MSCycleProgressView.m in Sources */,
				FFB30186196EE496001FE814 /* ViewController.m in Sources */,
				FFB30180196EE496001FE814 /* AppDelegate.m in Sources */,
				FFB3017C196EE496001FE814 /* main.m in Sources */,
			);
			runOnlyForDeploymentPostprocessing = 0;
		};
		FFB30189196EE496001FE814 /* Sources */ = {
			isa = PBXSourcesBuildPhase;
			buildActionMask = 2147483647;
			files = (
				FFB3019B196EE496001FE814 /* CycleProgressViewTests.m in Sources */,
			);
			runOnlyForDeploymentPostprocessing = 0;
		};
/* End PBXSourcesBuildPhase section */

/* Begin PBXTargetDependency section */
		FFB30193196EE496001FE814 /* PBXTargetDependency */ = {
			isa = PBXTargetDependency;
			target = FFB3016B196EE496001FE814 /* CycleProgressView */;
			targetProxy = FFB30192196EE496001FE814 /* PBXContainerItemProxy */;
		};
/* End PBXTargetDependency section */

/* Begin PBXVariantGroup section */
		FFB30178196EE496001FE814 /* InfoPlist.strings */ = {
			isa = PBXVariantGroup;
			children = (
				FFB30179196EE496001FE814 /* en */,
			);
			name = InfoPlist.strings;
			sourceTree = "<group>";
		};
		FFB30181196EE496001FE814 /* Main.storyboard */ = {
			isa = PBXVariantGroup;
			children = (
				FFB30182196EE496001FE814 /* Base */,
			);
			name = Main.storyboard;
			sourceTree = "<group>";
		};
		FFB30197196EE496001FE814 /* InfoPlist.strings */ = {
			isa = PBXVariantGroup;
			children = (
				FFB30198196EE496001FE814 /* en */,
			);
			name = InfoPlist.strings;
			sourceTree = "<group>";
		};
/* End PBXVariantGroup section */

/* Begin XCBuildConfiguration section */
		FFB3019C196EE496001FE814 /* Debug */ = {
			isa = XCBuildConfiguration;
			buildSettings = {
				ALWAYS_SEARCH_USER_PATHS = NO;
				CLANG_CXX_LANGUAGE_STANDARD = "gnu++0x";
				CLANG_CXX_LIBRARY = "libc++";
				CLANG_ENABLE_MODULES = YES;
				CLANG_ENABLE_OBJC_ARC = YES;
				CLANG_WARN_BOOL_CONVERSION = YES;
				CLANG_WARN_CONSTANT_CONVERSION = YES;
				CLANG_WARN_DIRECT_OBJC_ISA_USAGE = YES_ERROR;
				CLANG_WARN_EMPTY_BODY = YES;
				CLANG_WARN_ENUM_CONVERSION = YES;
				CLANG_WARN_INT_CONVERSION = YES;
				CLANG_WARN_OBJC_ROOT_CLASS = YES_ERROR;
				CLANG_WARN__DUPLICATE_METHOD_MATCH = YES;
				"CODE_SIGN_IDENTITY[sdk=iphoneos*]" = "iPhone Developer";
				COPY_PHASE_STRIP = NO;
				GCC_C_LANGUAGE_STANDARD = gnu99;
				GCC_DYNAMIC_NO_PIC = NO;
				GCC_OPTIMIZATION_LEVEL = 0;
				GCC_PREPROCESSOR_DEFINITIONS = (
					"DEBUG=1",
					"$(inherited)",
				);
				GCC_SYMBOLS_PRIVATE_EXTERN = NO;
				GCC_WARN_64_TO_32_BIT_CONVERSION = YES;
				GCC_WARN_ABOUT_RETURN_TYPE = YES_ERROR;
				GCC_WARN_UNDECLARED_SELECTOR = YES;
				GCC_WARN_UNINITIALIZED_AUTOS = YES_AGGRESSIVE;
				GCC_WARN_UNUSED_FUNCTION = YES;
				GCC_WARN_UNUSED_VARIABLE = YES;
				IPHONEOS_DEPLOYMENT_TARGET = 7.1;
				ONLY_ACTIVE_ARCH = YES;
				SDKROOT = iphoneos;
			};
			name = Debug;
		};
		FFB3019D196EE496001FE814 /* Release */ = {
			isa = XCBuildConfiguration;
			buildSettings = {
				ALWAYS_SEARCH_USER_PATHS = NO;
				CLANG_CXX_LANGUAGE_STANDARD = "gnu++0x";
				CLANG_CXX_LIBRARY = "libc++";
				CLANG_ENABLE_MODULES = YES;
				CLANG_ENABLE_OBJC_ARC = YES;
				CLANG_WARN_BOOL_CONVERSION = YES;
				CLANG_WARN_CONSTANT_CONVERSION = YES;
				CLANG_WARN_DIRECT_OBJC_ISA_USAGE = YES_ERROR;
				CLANG_WARN_EMPTY_BODY = YES;
				CLANG_WARN_ENUM_CONVERSION = YES;
				CLANG_WARN_INT_CONVERSION = YES;
				CLANG_WARN_OBJC_ROOT_CLASS = YES_ERROR;
				CLANG_WARN__DUPLICATE_METHOD_MATCH = YES;
				"CODE_SIGN_IDENTITY[sdk=iphoneos*]" = "iPhone Developer";
				COPY_PHASE_STRIP = YES;
				ENABLE_NS_ASSERTIONS = NO;
				GCC_C_LANGUAGE_STANDARD = gnu99;
				GCC_WARN_64_TO_32_BIT_CONVERSION = YES;
				GCC_WARN_ABOUT_RETURN_TYPE = YES_ERROR;
				GCC_WARN_UNDECLARED_SELECTOR = YES;
				GCC_WARN_UNINITIALIZED_AUTOS = YES_AGGRESSIVE;
				GCC_WARN_UNUSED_FUNCTION = YES;
				GCC_WARN_UNUSED_VARIABLE = YES;
				IPHONEOS_DEPLOYMENT_TARGET = 7.1;
				SDKROOT = iphoneos;
				VALIDATE_PRODUCT = YES;
			};
			name = Release;
		};
		FFB3019F196EE496001FE814 /* Debug */ = {
			isa = XCBuildConfiguration;
			buildSettings = {
				ASSETCATALOG_COMPILER_APPICON_NAME = AppIcon;
				ASSETCATALOG_COMPILER_LAUNCHIMAGE_NAME = LaunchImage;
				GCC_PRECOMPILE_PREFIX_HEADER = YES;
				GCC_PREFIX_HEADER = "CycleProgressView/CycleProgressView-Prefix.pch";
				INFOPLIST_FILE = "CycleProgressView/CycleProgressView-Info.plist";
				PRODUCT_NAME = "$(TARGET_NAME)";
				WRAPPER_EXTENSION = app;
			};
			name = Debug;
		};
		FFB301A0196EE496001FE814 /* Release */ = {
			isa = XCBuildConfiguration;
			buildSettings = {
				ASSETCATALOG_COMPILER_APPICON_NAME = AppIcon;
				ASSETCATALOG_COMPILER_LAUNCHIMAGE_NAME = LaunchImage;
				GCC_PRECOMPILE_PREFIX_HEADER = YES;
				GCC_PREFIX_HEADER = "CycleProgressView/CycleProgressView-Prefix.pch";
				INFOPLIST_FILE = "CycleProgressView/CycleProgressView-Info.plist";
				PRODUCT_NAME = "$(TARGET_NAME)";
				WRAPPER_EXTENSION = app;
			};
			name = Release;
		};
		FFB301A2196EE496001FE814 /* Debug */ = {
			isa = XCBuildConfiguration;
			buildSettings = {
				BUNDLE_LOADER = "$(BUILT_PRODUCTS_DIR)/CycleProgressView.app/CycleProgressView";
				FRAMEWORK_SEARCH_PATHS = (
					"$(SDKROOT)/Developer/Library/Frameworks",
					"$(inherited)",
					"$(DEVELOPER_FRAMEWORKS_DIR)",
				);
				GCC_PRECOMPILE_PREFIX_HEADER = YES;
				GCC_PREFIX_HEADER = "CycleProgressView/CycleProgressView-Prefix.pch";
				GCC_PREPROCESSOR_DEFINITIONS = (
					"DEBUG=1",
					"$(inherited)",
				);
				INFOPLIST_FILE = "CycleProgressViewTests/CycleProgressViewTests-Info.plist";
				PRODUCT_NAME = "$(TARGET_NAME)";
				TEST_HOST = "$(BUNDLE_LOADER)";
				WRAPPER_EXTENSION = xctest;
			};
			name = Debug;
		};
		FFB301A3196EE496001FE814 /* Release */ = {
			isa = XCBuildConfiguration;
			buildSettings = {
				BUNDLE_LOADER = "$(BUILT_PRODUCTS_DIR)/CycleProgressView.app/CycleProgressView";
				FRAMEWORK_SEARCH_PATHS = (
					"$(SDKROOT)/Developer/Library/Frameworks",
					"$(inherited)",
					"$(DEVELOPER_FRAMEWORKS_DIR)",
				);
				GCC_PRECOMPILE_PREFIX_HEADER = YES;
				GCC_PREFIX_HEADER = "CycleProgressView/CycleProgressView-Prefix.pch";
				INFOPLIST_FILE = "CycleProgressViewTests/CycleProgressViewTests-Info.plist";
				PRODUCT_NAME = "$(TARGET_NAME)";
				TEST_HOST = "$(BUNDLE_LOADER)";
				WRAPPER_EXTENSION = xctest;
			};
			name = Release;
		};
/* End XCBuildConfiguration section */

/* Begin XCConfigurationList section */
		FFB30167196EE496001FE814 /* Build configuration list for PBXProject "CycleProgressView" */ = {
			isa = XCConfigurationList;
			buildConfigurations = (
				FFB3019C196EE496001FE814 /* Debug */,
				FFB3019D196EE496001FE814 /* Release */,
			);
			defaultConfigurationIsVisible = 0;
			defaultConfigurationName = Release;
		};
		FFB3019E196EE496001FE814 /* Build configuration list for PBXNativeTarget "CycleProgressView" */ = {
			isa = XCConfigurationList;
			buildConfigurations = (
				FFB3019F196EE496001FE814 /* Debug */,
				FFB301A0196EE496001FE814 /* Release */,
			);
			defaultConfigurationIsVisible = 0;
		};
		FFB301A1196EE496001FE814 /* Build configuration list for PBXNativeTarget "CycleProgressViewTests" */ = {
			isa = XCConfigurationList;
			buildConfigurations = (
				FFB301A2196EE496001FE814 /* Debug */,
				FFB301A3196EE496001FE814 /* Release */,
			);
			defaultConfigurationIsVisible = 0;
		};
/* End XCConfigurationList section */
	};
	rootObject = FFB30164196EE496001FE814 /* Project object */;
}
